
Microsoft Visual Studio Solution File, Format Version 12.00
# Visual Studio Version 16
VisualStudioVersion = 16.0.31205.134
MinimumVisualStudioVersion = 10.0.40219.1
Project("{FAE04EC0-301F-11D3-BF4B-00C04F79EFBC}") = "DijkstraShortestPathGreedyAlgorithm", "DijkstraShortestPathGreedyAlgorithm\DijkstraShortestPathGreedyAlgorithm.csproj", "{FCF01A2E-666C-442F-9001-6077E5DE1951}"
EndProject
Global
	GlobalSection(SolutionConfigurationPlatforms) = preSolution
		Debug|Any CPU = Debug|Any CPU
		Release|Any CPU = Release|Any CPU
	EndGlobalSection
	GlobalSection(ProjectConfigurationPlatforms) = postSolution
		{FCF01A2E-666C-442F-9001-6077E5DE1951}.Debug|Any CPU.ActiveCfg = Debug|Any CPU
		{FCF01A2E-666C-442F-9001-6077E5DE1951}.Debug|Any CPU.Build.0 = Debug|Any CPU
		{FCF01A2E-666C-442F-9001-6077E5DE1951}.Release|Any CPU.ActiveCfg = Release|Any CPU
		{FCF01A2E-666C-442F-9001-6077E5DE1951}.Release|Any CPU.Build.0 = Release|Any CPU
	EndGlobalSection
	GlobalSection(SolutionProperties) = preSolution
		HideSolutionNode = FALSE
	EndGlobalSection
	GlobalSection(ExtensibilityGlobals) = postSolution
		SolutionGuid = {A611F3BD-C2F1-4C8A-B154-0ED59430E0EE}
	EndGlobalSection
EndGlobal
